// !$*UTF8*$!
{
	archiveVersion = 1;
	classes = {
	};
	objectVersion = 50;
	objects = {

/* Begin PBXBuildFile section */
		0D0539B5226A5DDE00B1A2F4 /* Main.storyboard in Resources */ = {isa = PBXBuildFile; fileRef = 0D0539B4226A5DDE00B1A2F4 /* Main.storyboard */; };
		0D0539B6226A5DDE00B1A2F4 /* Main.storyboard in Resources */ = {isa = PBXBuildFile; fileRef = 0D0539B4226A5DDE00B1A2F4 /* Main.storyboard */; };
		0D0539B7226A5DDE00B1A2F4 /* Main.storyboard in Resources */ = {isa = PBXBuildFile; fileRef = 0D0539B4226A5DDE00B1A2F4 /* Main.storyboard */; };
		0D0539B9226A5E7F00B1A2F4 /* InitialViewController.swift in Sources */ = {isa = PBXBuildFile; fileRef = 0D0539B8226A5E7F00B1A2F4 /* InitialViewController.swift */; };
		0D0539BA226A5E7F00B1A2F4 /* InitialViewController.swift in Sources */ = {isa = PBXBuildFile; fileRef = 0D0539B8226A5E7F00B1A2F4 /* InitialViewController.swift */; };
		0D0539BB226A5E7F00B1A2F4 /* InitialViewController.swift in Sources */ = {isa = PBXBuildFile; fileRef = 0D0539B8226A5E7F00B1A2F4 /* InitialViewController.swift */; };
		0DA0C4B0226A5C7F0093AC1D /* ViewController.swift in Sources */ = {isa = PBXBuildFile; fileRef = 0DA0C4AE226A5C7F0093AC1D /* ViewController.swift */; };
		0DA0C4B1226A5C7F0093AC1D /* ViewController.swift in Sources */ = {isa = PBXBuildFile; fileRef = 0DA0C4AE226A5C7F0093AC1D /* ViewController.swift */; };
		0DA0C4B2226A5C7F0093AC1D /* ViewController.swift in Sources */ = {isa = PBXBuildFile; fileRef = 0DA0C4AE226A5C7F0093AC1D /* ViewController.swift */; };
		0DA0C4B3226A5C7F0093AC1D /* AppDelegate.swift in Sources */ = {isa = PBXBuildFile; fileRef = 0DA0C4AF226A5C7F0093AC1D /* AppDelegate.swift */; };
		0DA0C4B4226A5C7F0093AC1D /* AppDelegate.swift in Sources */ = {isa = PBXBuildFile; fileRef = 0DA0C4AF226A5C7F0093AC1D /* AppDelegate.swift */; };
		0DA0C4B5226A5C7F0093AC1D /* AppDelegate.swift in Sources */ = {isa = PBXBuildFile; fileRef = 0DA0C4AF226A5C7F0093AC1D /* AppDelegate.swift */; };
		0DA84CA7226A53A20092CE62 /* Assets.xcassets in Resources */ = {isa = PBXBuildFile; fileRef = 0DA84CA6226A53A20092CE62 /* Assets.xcassets */; };
		0DA84CB5226A53A20092CE62 /* MyFirstAppTests.swift in Sources */ = {isa = PBXBuildFile; fileRef = 0DA84CB4226A53A20092CE62 /* MyFirstAppTests.swift */; };
		0DA84CC0226A53A20092CE62 /* MyFirstAppUITests.swift in Sources */ = {isa = PBXBuildFile; fileRef = 0DA84CBF226A53A20092CE62 /* MyFirstAppUITests.swift */; };
/* End PBXBuildFile section */

/* Begin PBXContainerItemProxy section */
		0DA84CB1226A53A20092CE62 /* PBXContainerItemProxy */ = {
			isa = PBXContainerItemProxy;
			containerPortal = 0DA84C94226A53A20092CE62 /* Project object */;
			proxyType = 1;
			remoteGlobalIDString = 0DA84C9B226A53A20092CE62;
			remoteInfo = MyFirstApp;
		};
		0DA84CBC226A53A20092CE62 /* PBXContainerItemProxy */ = {
			isa = PBXContainerItemProxy;
			containerPortal = 0DA84C94226A53A20092CE62 /* Project object */;
			proxyType = 1;
			remoteGlobalIDString = 0DA84C9B226A53A20092CE62;
			remoteInfo = MyFirstApp;
		};
/* End PBXContainerItemProxy section */

/* Begin PBXFileReference section */
		0D0539B4226A5DDE00B1A2F4 /* Main.storyboard */ = {isa = PBXFileReference; lastKnownFileType = file.storyboard; path = Main.storyboard; sourceTree = "<group>"; };
		0D0539B8226A5E7F00B1A2F4 /* InitialViewController.swift */ = {isa = PBXFileReference; lastKnownFileType = sourcecode.swift; path = InitialViewController.swift; sourceTree = "<group>"; };
		0DA0C4AE226A5C7F0093AC1D /* ViewController.swift */ = {isa = PBXFileReference; fileEncoding = 4; lastKnownFileType = sourcecode.swift; path = ViewController.swift; sourceTree = "<group>"; };
		0DA0C4AF226A5C7F0093AC1D /* AppDelegate.swift */ = {isa = PBXFileReference; fileEncoding = 4; lastKnownFileType = sourcecode.swift; path = AppDelegate.swift; sourceTree = "<group>"; };
		0DA84C9C226A53A20092CE62 /* MyFirstApp.app */ = {isa = PBXFileReference; explicitFileType = wrapper.application; includeInIndex = 0; path = MyFirstApp.app; sourceTree = BUILT_PRODUCTS_DIR; };
		0DA84CA6226A53A20092CE62 /* Assets.xcassets */ = {isa = PBXFileReference; lastKnownFileType = folder.assetcatalog; path = Assets.xcassets; sourceTree = "<group>"; };
		0DA84CAB226A53A20092CE62 /* Info.plist */ = {isa = PBXFileReference; lastKnownFileType = text.plist.xml; path = Info.plist; sourceTree = "<group>"; };
		0DA84CB0226A53A20092CE62 /* MyFirstAppTests.xctest */ = {isa = PBXFileReference; explicitFileType = wrapper.cfbundle; includeInIndex = 0; path = MyFirstAppTests.xctest; sourceTree = BUILT_PRODUCTS_DIR; };
		0DA84CB4226A53A20092CE62 /* MyFirstAppTests.swift */ = {isa = PBXFileReference; lastKnownFileType = sourcecode.swift; path = MyFirstAppTests.swift; sourceTree = "<group>"; };
		0DA84CB6226A53A20092CE62 /* Info.plist */ = {isa = PBXFileReference; lastKnownFileType = text.plist.xml; path = Info.plist; sourceTree = "<group>"; };
		0DA84CBB226A53A20092CE62 /* MyFirstAppUITests.xctest */ = {isa = PBXFileReference; explicitFileType = wrapper.cfbundle; includeInIndex = 0; path = MyFirstAppUITests.xctest; sourceTree = BUILT_PRODUCTS_DIR; };
		0DA84CBF226A53A20092CE62 /* MyFirstAppUITests.swift */ = {isa = PBXFileReference; lastKnownFileType = sourcecode.swift; path = MyFirstAppUITests.swift; sourceTree = "<group>"; };
		0DA84CC1226A53A20092CE62 /* Info.plist */ = {isa = PBXFileReference; lastKnownFileType = text.plist.xml; path = Info.plist; sourceTree = "<group>"; };
/* End PBXFileReference section */

/* Begin PBXFrameworksBuildPhase section */
		0DA84C99226A53A20092CE62 /* Frameworks */ = {
			isa = PBXFrameworksBuildPhase;
			buildActionMask = 2147483647;
			files = (
			);
			runOnlyForDeploymentPostprocessing = 0;
		};
		0DA84CAD226A53A20092CE62 /* Frameworks */ = {
			isa = PBXFrameworksBuildPhase;
			buildActionMask = 2147483647;
			files = (
			);
			runOnlyForDeploymentPostprocessing = 0;
		};
		0DA84CB8226A53A20092CE62 /* Frameworks */ = {
			isa = PBXFrameworksBuildPhase;
			buildActionMask = 2147483647;
			files = (
			);
			runOnlyForDeploymentPostprocessing = 0;
		};
/* End PBXFrameworksBuildPhase section */

/* Begin PBXGroup section */
		0DA84C93226A53A20092CE62 = {
			isa = PBXGroup;
			children = (
				0DA84C9E226A53A20092CE62 /* MyFirstApp */,
				0DA84CB3226A53A20092CE62 /* MyFirstAppTests */,
				0DA84CBE226A53A20092CE62 /* MyFirstAppUITests */,
				0DA84C9D226A53A20092CE62 /* Products */,
			);
			sourceTree = "<group>";
		};
		0DA84C9D226A53A20092CE62 /* Products */ = {
			isa = PBXGroup;
			children = (
				0DA84C9C226A53A20092CE62 /* MyFirstApp.app */,
				0DA84CB0226A53A20092CE62 /* MyFirstAppTests.xctest */,
				0DA84CBB226A53A20092CE62 /* MyFirstAppUITests.xctest */,
			);
			name = Products;
			sourceTree = "<group>";
		};
		0DA84C9E226A53A20092CE62 /* MyFirstApp */ = {
			isa = PBXGroup;
			children = (
				0DA0C4AF226A5C7F0093AC1D /* AppDelegate.swift */,
				0DA0C4AE226A5C7F0093AC1D /* ViewController.swift */,
				0DA84CA6226A53A20092CE62 /* Assets.xcassets */,
				0DA84CAB226A53A20092CE62 /* Info.plist */,
				0D0539B4226A5DDE00B1A2F4 /* Main.storyboard */,
				0D0539B8226A5E7F00B1A2F4 /* InitialViewController.swift */,
			);
			path = MyFirstApp;
			sourceTree = "<group>";
		};
		0DA84CB3226A53A20092CE62 /* MyFirstAppTests */ = {
			isa = PBXGroup;
			children = (
				0DA84CB4226A53A20092CE62 /* MyFirstAppTests.swift */,
				0DA84CB6226A53A20092CE62 /* Info.plist */,
			);
			path = MyFirstAppTests;
			sourceTree = "<group>";
		};
		0DA84CBE226A53A20092CE62 /* MyFirstAppUITests */ = {
			isa = PBXGroup;
			children = (
				0DA84CBF226A53A20092CE62 /* MyFirstAppUITests.swift */,
				0DA84CC1226A53A20092CE62 /* Info.plist */,
			);
			path = MyFirstAppUITests;
			sourceTree = "<group>";
		};
/* End PBXGroup section */

/* Begin PBXNativeTarget section */
		0DA84C9B226A53A20092CE62 /* MyFirstApp */ = {
			isa = PBXNativeTarget;
			buildConfigurationList = 0DA84CC4226A53A20092CE62 /* Build configuration list for PBXNativeTarget "MyFirstApp" */;
			buildPhases = (
				0DA84C98226A53A20092CE62 /* Sources */,
				0DA84C99226A53A20092CE62 /* Frameworks */,
				0DA84C9A226A53A20092CE62 /* Resources */,
			);
			buildRules = (
			);
			dependencies = (
			);
			name = MyFirstApp;
			productName = MyFirstApp;
			productReference = 0DA84C9C226A53A20092CE62 /* MyFirstApp.app */;
			productType = "com.apple.product-type.application";
		};
		0DA84CAF226A53A20092CE62 /* MyFirstAppTests */ = {
			isa = PBXNativeTarget;
			buildConfigurationList = 0DA84CC7226A53A20092CE62 /* Build configuration list for PBXNativeTarget "MyFirstAppTests" */;
			buildPhases = (
				0DA84CAC226A53A20092CE62 /* Sources */,
				0DA84CAD226A53A20092CE62 /* Frameworks */,
				0DA84CAE226A53A20092CE62 /* Resources */,
			);
			buildRules = (
			);
			dependencies = (
				0DA84CB2226A53A20092CE62 /* PBXTargetDependency */,
			);
			name = MyFirstAppTests;
			productName = MyFirstAppTests;
			productReference = 0DA84CB0226A53A20092CE62 /* MyFirstAppTests.xctest */;
			productType = "com.apple.product-type.bundle.unit-test";
		};
		0DA84CBA226A53A20092CE62 /* MyFirstAppUITests */ = {
			isa = PBXNativeTarget;
			buildConfigurationList = 0DA84CCA226A53A20092CE62 /* Build configuration list for PBXNativeTarget "MyFirstAppUITests" */;
			buildPhases = (
				0DA84CB7226A53A20092CE62 /* Sources */,
				0DA84CB8226A53A20092CE62 /* Frameworks */,
				0DA84CB9226A53A20092CE62 /* Resources */,
			);
			buildRules = (
			);
			dependencies = (
				0DA84CBD226A53A20092CE62 /* PBXTargetDependency */,
			);
			name = MyFirstAppUITests;
			productName = MyFirstAppUITests;
			productReference = 0DA84CBB226A53A20092CE62 /* MyFirstAppUITests.xctest */;
			productType = "com.apple.product-type.bundle.ui-testing";
		};
/* End PBXNativeTarget section */

/* Begin PBXProject section */
		0DA84C94226A53A20092CE62 /* Project object */ = {
			isa = PBXProject;
			attributes = {
				LastSwiftUpdateCheck = 1020;
				LastUpgradeCheck = 1020;
				ORGANIZATIONNAME = Liz;
				TargetAttributes = {
					0DA84C9B226A53A20092CE62 = {
						CreatedOnToolsVersion = 10.2.1;
						LastSwiftMigration = 1020;
					};
					0DA84CAF226A53A20092CE62 = {
						CreatedOnToolsVersion = 10.2.1;
						TestTargetID = 0DA84C9B226A53A20092CE62;
					};
					0DA84CBA226A53A20092CE62 = {
						CreatedOnToolsVersion = 10.2.1;
						TestTargetID = 0DA84C9B226A53A20092CE62;
					};
				};
			};
			buildConfigurationList = 0DA84C97226A53A20092CE62 /* Build configuration list for PBXProject "MyFirstApp" */;
			compatibilityVersion = "Xcode 9.3";
			developmentRegion = en;
			hasScannedForEncodings = 0;
			knownRegions = (
				en,
				Base,
			);
			mainGroup = 0DA84C93226A53A20092CE62;
			productRefGroup = 0DA84C9D226A53A20092CE62 /* Products */;
			projectDirPath = "";
			projectRoot = "";
			targets = (
				0DA84C9B226A53A20092CE62 /* MyFirstApp */,
				0DA84CAF226A53A20092CE62 /* MyFirstAppTests */,
				0DA84CBA226A53A20092CE62 /* MyFirstAppUITests */,
			);
		};
/* End PBXProject section */

/* Begin PBXResourcesBuildPhase section */
		0DA84C9A226A53A20092CE62 /* Resources */ = {
			isa = PBXResourcesBuildPhase;
			buildActionMask = 2147483647;
			files = (
				0DA84CA7226A53A20092CE62 /* Assets.xcassets in Resources */,
				0D0539B5226A5DDE00B1A2F4 /* Main.storyboard in Resources */,
			);
			runOnlyForDeploymentPostprocessing = 0;
		};
		0DA84CAE226A53A20092CE62 /* Resources */ = {
			isa = PBXResourcesBuildPhase;
			buildActionMask = 2147483647;
			files = (
				0D0539B6226A5DDE00B1A2F4 /* Main.storyboard in Resources */,
			);
			runOnlyForDeploymentPostprocessing = 0;
		};
		0DA84CB9226A53A20092CE62 /* Resources */ = {
			isa = PBXResourcesBuildPhase;
			buildActionMask = 2147483647;
			files = (
				0D0539B7226A5DDE00B1A2F4 /* Main.storyboard in Resources */,
			);
			runOnlyForDeploymentPostprocessing = 0;
		};
/* End PBXResourcesBuildPhase section */

/* Begin PBXSourcesBuildPhase section */
		0DA84C98226A53A20092CE62 /* Sources */ = {
			isa = PBXSourcesBuildPhase;
			buildActionMask = 2147483647;
			files = (
				0D0539B9226A5E7F00B1A2F4 /* InitialViewController.swift in Sources */,
				0DA0C4B3226A5C7F0093AC1D /* AppDelegate.swift in Sources */,
				0DA0C4B0226A5C7F0093AC1D /* ViewController.swift in Sources */,
			);
			runOnlyForDeploymentPostprocessing = 0;
		};
		0DA84CAC226A53A20092CE62 /* Sources */ = {
			isa = PBXSourcesBuildPhase;
			buildActionMask = 2147483647;
			files = (
				0DA0C4B4226A5C7F0093AC1D /* AppDelegate.swift in Sources */,
				0DA0C4B1226A5C7F0093AC1D /* ViewController.swift in Sources */,
				0DA84CB5226A53A20092CE62 /* MyFirstAppTests.swift in Sources */,
				0D0539BA226A5E7F00B1A2F4 /* InitialViewController.swift in Sources */,
			);
			runOnlyForDeploymentPostprocessing = 0;
		};
		0DA84CB7226A53A20092CE62 /* Sources */ = {
			isa = PBXSourcesBuildPhase;
			buildActionMask = 2147483647;
			files = (
				0DA0C4B5226A5C7F0093AC1D /* AppDelegate.swift in Sources */,
				0DA0C4B2226A5C7F0093AC1D /* ViewController.swift in Sources */,
				0DA84CC0226A53A20092CE62 /* MyFirstAppUITests.swift in Sources */,
				0D0539BB226A5E7F00B1A2F4 /* InitialViewController.swift in Sources */,
			);
			runOnlyForDeploymentPostprocessing = 0;
		};
/* End PBXSourcesBuildPhase section */

/* Begin PBXTargetDependency section */
		0DA84CB2226A53A20092CE62 /* PBXTargetDependency */ = {
			isa = PBXTargetDependency;
			target = 0DA84C9B226A53A20092CE62 /* MyFirstApp */;
			targetProxy = 0DA84CB1226A53A20092CE62 /* PBXContainerItemProxy */;
		};
		0DA84CBD226A53A20092CE62 /* PBXTargetDependency */ = {
			isa = PBXTargetDependency;
			target = 0DA84C9B226A53A20092CE62 /* MyFirstApp */;
			targetProxy = 0DA84CBC226A53A20092CE62 /* PBXContainerItemProxy */;
		};
/* End PBXTargetDependency section */

/* Begin XCBuildConfiguration section */
		0DA84CC2226A53A20092CE62 /* Debug */ = {
			isa = XCBuildConfiguration;
			buildSettings = {
				ALWAYS_SEARCH_USER_PATHS = NO;
				CLANG_ANALYZER_NONNULL = YES;
				CLANG_ANALYZER_NUMBER_OBJECT_CONVERSION = YES_AGGRESSIVE;
				CLANG_CXX_LANGUAGE_STANDARD = "gnu++14";
				CLANG_CXX_LIBRARY = "libc++";
				CLANG_ENABLE_MODULES = YES;
				CLANG_ENABLE_OBJC_ARC = YES;
				CLANG_ENABLE_OBJC_WEAK = YES;
				CLANG_WARN_BLOCK_CAPTURE_AUTORELEASING = YES;
				CLANG_WARN_BOOL_CONVERSION = YES;
				CLANG_WARN_COMMA = YES;
				CLANG_WARN_CONSTANT_CONVERSION = YES;
				CLANG_WARN_DEPRECATED_OBJC_IMPLEMENTATIONS = YES;
				CLANG_WARN_DIRECT_OBJC_ISA_USAGE = YES_ERROR;
				CLANG_WARN_DOCUMENTATION_COMMENTS = YES;
				CLANG_WARN_EMPTY_BODY = YES;
				CLANG_WARN_ENUM_CONVERSION = YES;
				CLANG_WARN_INFINITE_RECURSION = YES;
				CLANG_WARN_INT_CONVERSION = YES;
				CLANG_WARN_NON_LITERAL_NULL_CONVERSION = YES;
				CLANG_WARN_OBJC_IMPLICIT_RETAIN_SELF = YES;
				CLANG_WARN_OBJC_LITERAL_CONVERSION = YES;
				CLANG_WARN_OBJC_ROOT_CLASS = YES_ERROR;
				CLANG_WARN_RANGE_LOOP_ANALYSIS = YES;
				CLANG_WARN_STRICT_PROTOTYPES = YES;
				CLANG_WARN_SUSPICIOUS_MOVE = YES;
				CLANG_WARN_UNGUARDED_AVAILABILITY = YES_AGGRESSIVE;
				CLANG_WARN_UNREACHABLE_CODE = YES;
				CLANG_WARN__DUPLICATE_METHOD_MATCH = YES;
				CODE_SIGN_IDENTITY = "iPhone Developer";
				COPY_PHASE_STRIP = NO;
				DEBUG_INFORMATION_FORMAT = dwarf;
				ENABLE_STRICT_OBJC_MSGSEND = YES;
				ENABLE_TESTABILITY = YES;
				GCC_C_LANGUAGE_STANDARD = gnu11;
				GCC_DYNAMIC_NO_PIC = NO;
				GCC_NO_COMMON_BLOCKS = YES;
				GCC_OPTIMIZATION_LEVEL = 0;
				GCC_PREPROCESSOR_DEFINITIONS = (
					"DEBUG=1",
					"$(inherited)",
				);
				GCC_WARN_64_TO_32_BIT_CONVERSION = YES;
				GCC_WARN_ABOUT_RETURN_TYPE = YES_ERROR;
				GCC_WARN_UNDECLARED_SELECTOR = YES;
				GCC_WARN_UNINITIALIZED_AUTOS = YES_AGGRESSIVE;
				GCC_WARN_UNUSED_FUNCTION = YES;
				GCC_WARN_UNUSED_VARIABLE = YES;
				IPHONEOS_DEPLOYMENT_TARGET = 12.2;
				MTL_ENABLE_DEBUG_INFO = INCLUDE_SOURCE;
				MTL_FAST_MATH = YES;
				ONLY_ACTIVE_ARCH = YES;
				SDKROOT = iphoneos;
				SWIFT_ACTIVE_COMPILATION_CONDITIONS = DEBUG;
				SWIFT_OPTIMIZATION_LEVEL = "-Onone";
			};
			name = Debug;
		};
		0DA84CC3226A53A20092CE62 /* Release */ = {
			isa = XCBuildConfiguration;
			buildSettings = {
				ALWAYS_SEARCH_USER_PATHS = NO;
				CLANG_ANALYZER_NONNULL = YES;
				CLANG_ANALYZER_NUMBER_OBJECT_CONVERSION = YES_AGGRESSIVE;
				CLANG_CXX_LANGUAGE_STANDARD = "gnu++14";
				CLANG_CXX_LIBRARY = "libc++";
				CLANG_ENABLE_MODULES = YES;
				CLANG_ENABLE_OBJC_ARC = YES;
				CLANG_ENABLE_OBJC_WEAK = YES;
				CLANG_WARN_BLOCK_CAPTURE_AUTORELEASING = YES;
				CLANG_WARN_BOOL_CONVERSION = YES;
				CLANG_WARN_COMMA = YES;
				CLANG_WARN_CONSTANT_CONVERSION = YES;
				CLANG_WARN_DEPRECATED_OBJC_IMPLEMENTATIONS = YES;
				CLANG_WARN_DIRECT_OBJC_ISA_USAGE = YES_ERROR;
				CLANG_WARN_DOCUMENTATION_COMMENTS = YES;
				CLANG_WARN_EMPTY_BODY = YES;
				CLANG_WARN_ENUM_CONVERSION = YES;
				CLANG_WARN_INFINITE_RECURSION = YES;
				CLANG_WARN_INT_CONVERSION = YES;
				CLANG_WARN_NON_LITERAL_NULL_CONVERSION = YES;
				CLANG_WARN_OBJC_IMPLICIT_RETAIN_SELF = YES;
				CLANG_WARN_OBJC_LITERAL_CONVERSION = YES;
				CLANG_WARN_OBJC_ROOT_CLASS = YES_ERROR;
				CLANG_WARN_RANGE_LOOP_ANALYSIS = YES;
				CLANG_WARN_STRICT_PROTOTYPES = YES;
				CLANG_WARN_SUSPICIOUS_MOVE = YES;
				CLANG_WARN_UNGUARDED_AVAILABILITY = YES_AGGRESSIVE;
				CLANG_WARN_UNREACHABLE_CODE = YES;
				CLANG_WARN__DUPLICATE_METHOD_MATCH = YES;
				CODE_SIGN_IDENTITY = "iPhone Developer";
				COPY_PHASE_STRIP = NO;
				DEBUG_INFORMATION_FORMAT = "dwarf-with-dsym";
				ENABLE_NS_ASSERTIONS = NO;
				ENABLE_STRICT_OBJC_MSGSEND = YES;
				GCC_C_LANGUAGE_STANDARD = gnu11;
				GCC_NO_COMMON_BLOCKS = YES;
				GCC_WARN_64_TO_32_BIT_CONVERSION = YES;
				GCC_WARN_ABOUT_RETURN_TYPE = YES_ERROR;
				GCC_WARN_UNDECLARED_SELECTOR = YES;
				GCC_WARN_UNINITIALIZED_AUTOS = YES_AGGRESSIVE;
				GCC_WARN_UNUSED_FUNCTION = YES;
				GCC_WARN_UNUSED_VARIABLE = YES;
				IPHONEOS_DEPLOYMENT_TARGET = 12.2;
				MTL_ENABLE_DEBUG_INFO = NO;
				MTL_FAST_MATH = YES;
				SDKROOT = iphoneos;
				SWIFT_COMPILATION_MODE = wholemodule;
				SWIFT_OPTIMIZATION_LEVEL = "-O";
				VALIDATE_PRODUCT = YES;
			};
			name = Release;
		};
		0DA84CC5226A53A20092CE62 /* Debug */ = {
			isa = XCBuildConfiguration;
			buildSettings = {
				ASSETCATALOG_COMPILER_APPICON_NAME = AppIcon;
				CLANG_ENABLE_MODULES = YES;
				CODE_SIGN_STYLE = Automatic;
				INFOPLIST_FILE = MyFirstApp/Info.plist;
				LD_RUNPATH_SEARCH_PATHS = (
					"$(inherited)",
					"@executable_path/Frameworks",
				);
				PRODUCT_BUNDLE_IDENTIFIER = LKellogg.MyFirstApp;
				PRODUCT_NAME = "$(TARGET_NAME)";
				SWIFT_OPTIMIZATION_LEVEL = "-Onone";
				SWIFT_VERSION = 5.0;
				TARGETED_DEVICE_FAMILY = "1,2";
			};
			name = Debug;
		};
		0DA84CC6226A53A20092CE62 /* Release */ = {
			isa = XCBuildConfiguration;
			buildSettings = {
				ASSETCATALOG_COMPILER_APPICON_NAME = AppIcon;
				CLANG_ENABLE_MODULES = YES;
				CODE_SIGN_STYLE = Automatic;
				INFOPLIST_FILE = MyFirstApp/Info.plist;
				LD_RUNPATH_SEARCH_PATHS = (
					"$(inherited)",
					"@executable_path/Frameworks",
				);
				PRODUCT_BUNDLE_IDENTIFIER = LKellogg.MyFirstApp;
				PRODUCT_NAME = "$(TARGET_NAME)";
				SWIFT_VERSION = 5.0;
				TARGETED_DEVICE_FAMILY = "1,2";
			};
			name = Release;
		};
		0DA84CC8226A53A20092CE62 /* Debug */ = {
			isa = XCBuildConfiguration;
			buildSettings = {
				ALWAYS_EMBED_SWIFT_STANDARD_LIBRARIES = YES;
				BUNDLE_LOADER = "$(TEST_HOST)";
				CODE_SIGN_STYLE = Automatic;
				INFOPLIST_FILE = MyFirstAppTests/Info.plist;
				LD_RUNPATH_SEARCH_PATHS = (
					"$(inherited)",
					"@executable_path/Frameworks",
					"@loader_path/Frameworks",
				);
				PRODUCT_BUNDLE_IDENTIFIER = LKellogg.MyFirstAppTests;
				PRODUCT_NAME = "$(TARGET_NAME)";
				SWIFT_VERSION = 5.0;
				TARGETED_DEVICE_FAMILY = "1,2";
				TEST_HOST = "$(BUILT_PRODUCTS_DIR)/MyFirstApp.app/MyFirstApp";
			};
			name = Debug;
		};
		0DA84CC9226A53A20092CE62 /* Release */ = {
			isa = XCBuildConfiguration;
			buildSettings = {
				ALWAYS_EMBED_SWIFT_STANDARD_LIBRARIES = YES;
				BUNDLE_LOADER = "$(TEST_HOST)";
				CODE_SIGN_STYLE = Automatic;
				INFOPLIST_FILE = MyFirstAppTests/Info.plist;
				LD_RUNPATH_SEARCH_PATHS = (
					"$(inherited)",
					"@executable_path/Frameworks",
					"@loader_path/Frameworks",
				);
				PRODUCT_BUNDLE_IDENTIFIER = LKellogg.MyFirstAppTests;
				PRODUCT_NAME = "$(TARGET_NAME)";
				SWIFT_VERSION = 5.0;
				TARGETED_DEVICE_FAMILY = "1,2";
				TEST_HOST = "$(BUILT_PRODUCTS_DIR)/MyFirstApp.app/MyFirstApp";
			};
			name = Release;
		};
		0DA84CCB226A53A20092CE62 /* Debug */ = {
			isa = XCBuildConfiguration;
			buildSettings = {
				ALWAYS_EMBED_SWIFT_STANDARD_LIBRARIES = YES;
				CODE_SIGN_STYLE = Automatic;
				INFOPLIST_FILE = MyFirstAppUITests/Info.plist;
				LD_RUNPATH_SEARCH_PATHS = (
					"$(inherited)",
					"@executable_path/Frameworks",
					"@loader_path/Frameworks",
				);
				PRODUCT_BUNDLE_IDENTIFIER = LKellogg.MyFirstAppUITests;
				PRODUCT_NAME = "$(TARGET_NAME)";
				SWIFT_VERSION = 5.0;
				TARGETED_DEVICE_FAMILY = "1,2";
				TEST_TARGET_NAME = MyFirstApp;
			};
			name = Debug;
		};
		0DA84CCC226A53A20092CE62 /* Release */ = {
			isa = XCBuildConfiguration;
			buildSettings = {
				ALWAYS_EMBED_SWIFT_STANDARD_LIBRARIES = YES;
				CODE_SIGN_STYLE = Automatic;
				INFOPLIST_FILE = MyFirstAppUITests/Info.plist;
				LD_RUNPATH_SEARCH_PATHS = (
					"$(inherited)",
					"@executable_path/Frameworks",
					"@loader_path/Frameworks",
				);
				PRODUCT_BUNDLE_IDENTIFIER = LKellogg.MyFirstAppUITests;
				PRODUCT_NAME = "$(TARGET_NAME)";
				SWIFT_VERSION = 5.0;
				TARGETED_DEVICE_FAMILY = "1,2";
				TEST_TARGET_NAME = MyFirstApp;
			};
			name = Release;
		};
/* End XCBuildConfiguration section */

/* Begin XCConfigurationList section */
		0DA84C97226A53A20092CE62 /* Build configuration list for PBXProject "MyFirstApp" */ = {
			isa = XCConfigurationList;
			buildConfigurations = (
				0DA84CC2226A53A20092CE62 /* Debug */,
				0DA84CC3226A53A20092CE62 /* Release */,
			);
			defaultConfigurationIsVisible = 0;
			defaultConfigurationName = Release;
		};
		0DA84CC4226A53A20092CE62 /* Build configuration list for PBXNativeTarget "MyFirstApp" */ = {
			isa = XCConfigurationList;
			buildConfigurations = (
				0DA84CC5226A53A20092CE62 /* Debug */,
				0DA84CC6226A53A20092CE62 /* Release */,
			);
			defaultConfigurationIsVisible = 0;
			defaultConfigurationName = Release;
		};
		0DA84CC7226A53A20092CE62 /* Build configuration list for PBXNativeTarget "MyFirstAppTests" */ = {
			isa = XCConfigurationList;
			buildConfigurations = (
				0DA84CC8226A53A20092CE62 /* Debug */,
				0DA84CC9226A53A20092CE62 /* Release */,
			);
			defaultConfigurationIsVisible = 0;
			defaultConfigurationName = Release;
		};
		0DA84CCA226A53A20092CE62 /* Build configuration list for PBXNativeTarget "MyFirstAppUITests" */ = {
			isa = XCConfigurationList;
			buildConfigurations = (
				0DA84CCB226A53A20092CE62 /* Debug */,
				0DA84CCC226A53A20092CE62 /* Release */,
			);
			defaultConfigurationIsVisible = 0;
			defaultConfigurationName = Release;
		};
/* End XCConfigurationList section */
	};
	rootObject = 0DA84C94226A53A20092CE62 /* Project object */;
}
